
Microsoft Visual Studio Solution File, Format Version 12.00
# Visual Studio Version 17
VisualStudioVersion = 17.11.35222.181
MinimumVisualStudioVersion = 10.0.40219.1
Project("{888888A0-9F3D-457C-B088-3A5042F75D52}") = "Trojan Horse", "Trojan Horse.pyproj", "{06BB42EC-D30D-473A-9D07-07A5FC8E17B1}"
EndProject
Global
	GlobalSection(SolutionConfigurationPlatforms) = preSolution
		Debug|Any CPU = Debug|Any CPU
		Release|Any CPU = Release|Any CPU
	EndGlobalSection
	GlobalSection(ProjectConfigurationPlatforms) = postSolution
		{06BB42EC-D30D-473A-9D07-07A5FC8E17B1}.Debug|Any CPU.ActiveCfg = Debug|Any CPU
		{06BB42EC-D30D-473A-9D07-07A5FC8E17B1}.Release|Any CPU.ActiveCfg = Release|Any CPU
	EndGlobalSection
	GlobalSection(SolutionProperties) = preSolution
		HideSolutionNode = FALSE
	EndGlobalSection
	GlobalSection(ExtensibilityGlobals) = postSolution
		SolutionGuid = {41A38E9F-2E4F-4727-A49E-6F42CF31A147}
	EndGlobalSection
EndGlobal
